
Microsoft Visual Studio Solution File, Format Version 12.00
# Visual Studio 15
VisualStudioVersion = 15.0.27004.2008
MinimumVisualStudioVersion = 10.0.40219.1
Project("{FAE04EC0-301F-11D3-BF4B-00C04F79EFBC}") = "Sitecore.Modules.HtmlCacheBuilder", "Sitecore.Modules.HtmlCacheBuilder\Sitecore.Modules.HtmlCacheBuilder.csproj", "{D3442B83-DB36-4F8F-B0E4-2936C1CC393A}"
EndProject
Global
	GlobalSection(SolutionConfigurationPlatforms) = preSolution
		Debug|Any CPU = Debug|Any CPU
		Release|Any CPU = Release|Any CPU
	EndGlobalSection
	GlobalSection(ProjectConfigurationPlatforms) = postSolution
		{D3442B83-DB36-4F8F-B0E4-2936C1CC393A}.Debug|Any CPU.ActiveCfg = Debug|Any CPU
		{D3442B83-DB36-4F8F-B0E4-2936C1CC393A}.Debug|Any CPU.Build.0 = Debug|Any CPU
		{D3442B83-DB36-4F8F-B0E4-2936C1CC393A}.Release|Any CPU.ActiveCfg = Release|Any CPU
		{D3442B83-DB36-4F8F-B0E4-2936C1CC393A}.Release|Any CPU.Build.0 = Release|Any CPU
	EndGlobalSection
	GlobalSection(SolutionProperties) = preSolution
		HideSolutionNode = FALSE
	EndGlobalSection
	GlobalSection(ExtensibilityGlobals) = postSolution
		SolutionGuid = {40061924-76BF-456A-9B8A-3A9CF4C43413}
	EndGlobalSection
EndGlobal
